
Microsoft Visual Studio Solution File, Format Version 12.00
Project("{FAE04EC0-301F-11D3-BF4B-00C04F79EFBC}") = "Avalonia-MusicStore", "Avalonia-MusicStore\Avalonia-MusicStore.csproj", "{4E298472-7867-4209-8E90-CB6EF0F08A24}"
EndProject
Global
	GlobalSection(SolutionConfigurationPlatforms) = preSolution
		Debug|Any CPU = Debug|Any CPU
		Release|Any CPU = Release|Any CPU
	EndGlobalSection
	GlobalSection(ProjectConfigurationPlatforms) = postSolution
		{4E298472-7867-4209-8E90-CB6EF0F08A24}.Debug|Any CPU.ActiveCfg = Debug|Any CPU
		{4E298472-7867-4209-8E90-CB6EF0F08A24}.Debug|Any CPU.Build.0 = Debug|Any CPU
		{4E298472-7867-4209-8E90-CB6EF0F08A24}.Release|Any CPU.ActiveCfg = Release|Any CPU
		{4E298472-7867-4209-8E90-CB6EF0F08A24}.Release|Any CPU.Build.0 = Release|Any CPU
	EndGlobalSection
EndGlobal
